
Microsoft Visual Studio Solution File, Format Version 12.00
# Visual Studio 2012
Project("{FAE04EC0-301F-11D3-BF4B-00C04F79EFBC}") = "最佳工作序列", "最佳工作序列\最佳工作序列.csproj", "{1C7C3B84-A4DE-4FBA-9D75-E2F2DB761F8D}"
EndProject
Global
	GlobalSection(SolutionConfigurationPlatforms) = preSolution
		Debug|Any CPU = Debug|Any CPU
		Release|Any CPU = Release|Any CPU
	EndGlobalSection
	GlobalSection(ProjectConfigurationPlatforms) = postSolution
		{1C7C3B84-A4DE-4FBA-9D75-E2F2DB761F8D}.Debug|Any CPU.ActiveCfg = Debug|Any CPU
		{1C7C3B84-A4DE-4FBA-9D75-E2F2DB761F8D}.Debug|Any CPU.Build.0 = Debug|Any CPU
		{1C7C3B84-A4DE-4FBA-9D75-E2F2DB761F8D}.Release|Any CPU.ActiveCfg = Release|Any CPU
		{1C7C3B84-A4DE-4FBA-9D75-E2F2DB761F8D}.Release|Any CPU.Build.0 = Release|Any CPU
	EndGlobalSection
	GlobalSection(SolutionProperties) = preSolution
		HideSolutionNode = FALSE
	EndGlobalSection
EndGlobal
